{
  "nodes": {
    "home-manager": {
      "inputs": {
        "nixpkgs": [
          "nixpkgs"
        ],
        "utils": "utils"
      },
      "locked": {
        "lastModified": 1676892629,
        "narHash": "sha256-rlvsqoSBO5dCwfnn7xvImYREidIPJaiFS3b54TZF4pU=",
        "owner": "nix-community",
        "repo": "home-manager",
        "rev": "72ce74d3eae78a6b31538ea7ebe0c1fcf4a10f7a",
        "type": "github"
      },
      "original": {
        "owner": "nix-community",
        "repo": "home-manager",
        "type": "github"
      }
    },
    "nixpkgs": {
      "locked": {
        "lastModified": 1681903854,
        "narHash": "sha256-U3vbSEdct4aUu+vk3YsBiwokN3th4Jvde7S8gnVmeAA=",
        "owner": "nixos",
        "repo": "nixpkgs",
        "rev": "bb2009ca185d97813e75736c2b8d1d8bb81bde05",
        "type": "github"
      },
      "original": {
        "owner": "nixos",
        "repo": "nixpkgs",
        "type": "github"
      }
    },
    "root": {
      "inputs": {
        "home-manager": "home-manager",
        "nixpkgs": "nixpkgs"
      }
    },
    "utils": {
      "locked": {
        "lastModified": 1667395993,
        "narHash": "sha256-nuEHfE/LcWyuSWnS8t12N1wc105Qtau+/OdUAjtQ0rA=",
        "owner": "numtide",
        "repo": "flake-utils",
        "rev": "5aed5285a952e0b949eb3ba02c12fa4fcfef535f",
        "type": "github"
      },
      "original": {
        "owner": "numtide",
        "repo": "flake-utils",
        "type": "github"
      }
    }
  },
  "root": "root",
  "version": 7
}
